// !$*UTF8*$!
{
	archiveVersion = 1;
	classes = {
	};
	objectVersion = 50;
	objects = {

/* Begin PBXBuildFile section */
		946C71B725BF966400EB9CAA /* AppDelegate.swift in Sources */ = {isa = PBXBuildFile; fileRef = 946C71B625BF966400EB9CAA /* AppDelegate.swift */; };
		946C71B925BF966400EB9CAA /* SceneDelegate.swift in Sources */ = {isa = PBXBuildFile; fileRef = 946C71B825BF966400EB9CAA /* SceneDelegate.swift */; };
		946C71BB25BF966400EB9CAA /* ViewController.swift in Sources */ = {isa = PBXBuildFile; fileRef = 946C71BA25BF966400EB9CAA /* ViewController.swift */; };
		946C71BE25BF966400EB9CAA /* Main.storyboard in Resources */ = {isa = PBXBuildFile; fileRef = 946C71BC25BF966400EB9CAA /* Main.storyboard */; };
		946C71C025BF966400EB9CAA /* Assets.xcassets in Resources */ = {isa = PBXBuildFile; fileRef = 946C71BF25BF966400EB9CAA /* Assets.xcassets */; };
		946C71C325BF966400EB9CAA /* LaunchScreen.storyboard in Resources */ = {isa = PBXBuildFile; fileRef = 946C71C125BF966400EB9CAA /* LaunchScreen.storyboard */; };
/* End PBXBuildFile section */

/* Begin PBXFileReference section */
		946C71B325BF966400EB9CAA /* Cockpit.app */ = {isa = PBXFileReference; explicitFileType = wrapper.application; includeInIndex = 0; path = Cockpit.app; sourceTree = BUILT_PRODUCTS_DIR; };
		946C71B625BF966400EB9CAA /* AppDelegate.swift */ = {isa = PBXFileReference; lastKnownFileType = sourcecode.swift; path = AppDelegate.swift; sourceTree = "<group>"; };
		946C71B825BF966400EB9CAA /* SceneDelegate.swift */ = {isa = PBXFileReference; lastKnownFileType = sourcecode.swift; path = SceneDelegate.swift; sourceTree = "<group>"; };
		946C71BA25BF966400EB9CAA /* ViewController.swift */ = {isa = PBXFileReference; lastKnownFileType = sourcecode.swift; path = ViewController.swift; sourceTree = "<group>"; };
		946C71BD25BF966400EB9CAA /* Base */ = {isa = PBXFileReference; lastKnownFileType = file.storyboard; name = Base; path = Base.lproj/Main.storyboard; sourceTree = "<group>"; };
		946C71BF25BF966400EB9CAA /* Assets.xcassets */ = {isa = PBXFileReference; lastKnownFileType = folder.assetcatalog; path = Assets.xcassets; sourceTree = "<group>"; };
		946C71C225BF966400EB9CAA /* Base */ = {isa = PBXFileReference; lastKnownFileType = file.storyboard; name = Base; path = Base.lproj/LaunchScreen.storyboard; sourceTree = "<group>"; };
		946C71C425BF966400EB9CAA /* Info.plist */ = {isa = PBXFileReference; lastKnownFileType = text.plist.xml; path = Info.plist; sourceTree = "<group>"; };
		946C71CB25BF96A000EB9CAA /* Cockpit.entitlements */ = {isa = PBXFileReference; lastKnownFileType = text.plist.entitlements; path = Cockpit.entitlements; sourceTree = "<group>"; };
/* End PBXFileReference section */

/* Begin PBXFrameworksBuildPhase section */
		946C71B025BF966400EB9CAA /* Frameworks */ = {
			isa = PBXFrameworksBuildPhase;
			buildActionMask = 2147483647;
			files = (
			);
			runOnlyForDeploymentPostprocessing = 0;
		};
/* End PBXFrameworksBuildPhase section */

/* Begin PBXGroup section */
		946C71AA25BF966400EB9CAA = {
			isa = PBXGroup;
			children = (
				946C71B525BF966400EB9CAA /* Cockpit */,
				946C71B425BF966400EB9CAA /* Products */,
			);
			sourceTree = "<group>";
		};
		946C71B425BF966400EB9CAA /* Products */ = {
			isa = PBXGroup;
			children = (
				946C71B325BF966400EB9CAA /* Cockpit.app */,
			);
			name = Products;
			sourceTree = "<group>";
		};
		946C71B525BF966400EB9CAA /* Cockpit */ = {
			isa = PBXGroup;
			children = (
				946C71CB25BF96A000EB9CAA /* Cockpit.entitlements */,
				946C71B625BF966400EB9CAA /* AppDelegate.swift */,
				946C71B825BF966400EB9CAA /* SceneDelegate.swift */,
				946C71BA25BF966400EB9CAA /* ViewController.swift */,
				946C71BC25BF966400EB9CAA /* Main.storyboard */,
				946C71BF25BF966400EB9CAA /* Assets.xcassets */,
				946C71C125BF966400EB9CAA /* LaunchScreen.storyboard */,
				946C71C425BF966400EB9CAA /* Info.plist */,
			);
			path = Cockpit;
			sourceTree = "<group>";
		};
/* End PBXGroup section */

/* Begin PBXNativeTarget section */
		946C71B225BF966400EB9CAA /* Cockpit */ = {
			isa = PBXNativeTarget;
			buildConfigurationList = 946C71C725BF966400EB9CAA /* Build configuration list for PBXNativeTarget "Cockpit" */;
			buildPhases = (
				946C71AF25BF966400EB9CAA /* Sources */,
				946C71B025BF966400EB9CAA /* Frameworks */,
				946C71B125BF966400EB9CAA /* Resources */,
			);
			buildRules = (
			);
			dependencies = (
			);
			name = Cockpit;
			productName = Cockpit;
			productReference = 946C71B325BF966400EB9CAA /* Cockpit.app */;
			productType = "com.apple.product-type.application";
		};
/* End PBXNativeTarget section */

/* Begin PBXProject section */
		946C71AB25BF966400EB9CAA /* Project object */ = {
			isa = PBXProject;
			attributes = {
				LastSwiftUpdateCheck = 1230;
				LastUpgradeCheck = 1230;
				TargetAttributes = {
					946C71B225BF966400EB9CAA = {
						CreatedOnToolsVersion = 12.3;
					};
				};
			};
			buildConfigurationList = 946C71AE25BF966400EB9CAA /* Build configuration list for PBXProject "Cockpit" */;
			compatibilityVersion = "Xcode 9.3";
			developmentRegion = en;
			hasScannedForEncodings = 0;
			knownRegions = (
				en,
				Base,
			);
			mainGroup = 946C71AA25BF966400EB9CAA;
			productRefGroup = 946C71B425BF966400EB9CAA /* Products */;
			projectDirPath = "";
			projectRoot = "";
			targets = (
				946C71B225BF966400EB9CAA /* Cockpit */,
			);
		};
/* End PBXProject section */

/* Begin PBXResourcesBuildPhase section */
		946C71B125BF966400EB9CAA /* Resources */ = {
			isa = PBXResourcesBuildPhase;
			buildActionMask = 2147483647;
			files = (
				946C71C325BF966400EB9CAA /* LaunchScreen.storyboard in Resources */,
				946C71C025BF966400EB9CAA /* Assets.xcassets in Resources */,
				946C71BE25BF966400EB9CAA /* Main.storyboard in Resources */,
			);
			runOnlyForDeploymentPostprocessing = 0;
		};
/* End PBXResourcesBuildPhase section */

/* Begin PBXSourcesBuildPhase section */
		946C71AF25BF966400EB9CAA /* Sources */ = {
			isa = PBXSourcesBuildPhase;
			buildActionMask = 2147483647;
			files = (
				946C71BB25BF966400EB9CAA /* ViewController.swift in Sources */,
				946C71B725BF966400EB9CAA /* AppDelegate.swift in Sources */,
				946C71B925BF966400EB9CAA /* SceneDelegate.swift in Sources */,
			);
			runOnlyForDeploymentPostprocessing = 0;
		};
/* End PBXSourcesBuildPhase section */

/* Begin PBXVariantGroup section */
		946C71BC25BF966400EB9CAA /* Main.storyboard */ = {
			isa = PBXVariantGroup;
			children = (
				946C71BD25BF966400EB9CAA /* Base */,
			);
			name = Main.storyboard;
			sourceTree = "<group>";
		};
		946C71C125BF966400EB9CAA /* LaunchScreen.storyboard */ = {
			isa = PBXVariantGroup;
			children = (
				946C71C225BF966400EB9CAA /* Base */,
			);
			name = LaunchScreen.storyboard;
			sourceTree = "<group>";
		};
/* End PBXVariantGroup section */

/* Begin XCBuildConfiguration section */
		946C71C525BF966400EB9CAA /* Debug */ = {
			isa = XCBuildConfiguration;
			buildSettings = {
				ALWAYS_SEARCH_USER_PATHS = NO;
				CLANG_ANALYZER_NONNULL = YES;
				CLANG_ANALYZER_NUMBER_OBJECT_CONVERSION = YES_AGGRESSIVE;
				CLANG_CXX_LANGUAGE_STANDARD = "gnu++14";
				CLANG_CXX_LIBRARY = "libc++";
				CLANG_ENABLE_MODULES = YES;
				CLANG_ENABLE_OBJC_ARC = YES;
				CLANG_ENABLE_OBJC_WEAK = YES;
				CLANG_WARN_BLOCK_CAPTURE_AUTORELEASING = YES;
				CLANG_WARN_BOOL_CONVERSION = YES;
				CLANG_WARN_COMMA = YES;
				CLANG_WARN_CONSTANT_CONVERSION = YES;
				CLANG_WARN_DEPRECATED_OBJC_IMPLEMENTATIONS = YES;
				CLANG_WARN_DIRECT_OBJC_ISA_USAGE = YES_ERROR;
				CLANG_WARN_DOCUMENTATION_COMMENTS = YES;
				CLANG_WARN_EMPTY_BODY = YES;
				CLANG_WARN_ENUM_CONVERSION = YES;
				CLANG_WARN_INFINITE_RECURSION = YES;
				CLANG_WARN_INT_CONVERSION = YES;
				CLANG_WARN_NON_LITERAL_NULL_CONVERSION = YES;
				CLANG_WARN_OBJC_IMPLICIT_RETAIN_SELF = YES;
				CLANG_WARN_OBJC_LITERAL_CONVERSION = YES;
				CLANG_WARN_OBJC_ROOT_CLASS = YES_ERROR;
				CLANG_WARN_QUOTED_INCLUDE_IN_FRAMEWORK_HEADER = YES;
				CLANG_WARN_RANGE_LOOP_ANALYSIS = YES;
				CLANG_WARN_STRICT_PROTOTYPES = YES;
				CLANG_WARN_SUSPICIOUS_MOVE = YES;
				CLANG_WARN_UNGUARDED_AVAILABILITY = YES_AGGRESSIVE;
				CLANG_WARN_UNREACHABLE_CODE = YES;
				CLANG_WARN__DUPLICATE_METHOD_MATCH = YES;
				COPY_PHASE_STRIP = NO;
				DEBUG_INFORMATION_FORMAT = dwarf;
				ENABLE_STRICT_OBJC_MSGSEND = YES;
				ENABLE_TESTABILITY = YES;
				GCC_C_LANGUAGE_STANDARD = gnu11;
				GCC_DYNAMIC_NO_PIC = NO;
				GCC_NO_COMMON_BLOCKS = YES;
				GCC_OPTIMIZATION_LEVEL = 0;
				GCC_PREPROCESSOR_DEFINITIONS = (
					"DEBUG=1",
					"$(inherited)",
				);
				GCC_WARN_64_TO_32_BIT_CONVERSION = YES;
				GCC_WARN_ABOUT_RETURN_TYPE = YES_ERROR;
				GCC_WARN_UNDECLARED_SELECTOR = YES;
				GCC_WARN_UNINITIALIZED_AUTOS = YES_AGGRESSIVE;
				GCC_WARN_UNUSED_FUNCTION = YES;
				GCC_WARN_UNUSED_VARIABLE = YES;
				IPHONEOS_DEPLOYMENT_TARGET = 14.3;
				MTL_ENABLE_DEBUG_INFO = INCLUDE_SOURCE;
				MTL_FAST_MATH = YES;
				ONLY_ACTIVE_ARCH = YES;
				SDKROOT = iphoneos;
				SWIFT_ACTIVE_COMPILATION_CONDITIONS = DEBUG;
				SWIFT_OPTIMIZATION_LEVEL = "-Onone";
			};
			name = Debug;
		};
		946C71C625BF966400EB9CAA /* Release */ = {
			isa = XCBuildConfiguration;
			buildSettings = {
				ALWAYS_SEARCH_USER_PATHS = NO;
				CLANG_ANALYZER_NONNULL = YES;
				CLANG_ANALYZER_NUMBER_OBJECT_CONVERSION = YES_AGGRESSIVE;
				CLANG_CXX_LANGUAGE_STANDARD = "gnu++14";
				CLANG_CXX_LIBRARY = "libc++";
				CLANG_ENABLE_MODULES = YES;
				CLANG_ENABLE_OBJC_ARC = YES;
				CLANG_ENABLE_OBJC_WEAK = YES;
				CLANG_WARN_BLOCK_CAPTURE_AUTORELEASING = YES;
				CLANG_WARN_BOOL_CONVERSION = YES;
				CLANG_WARN_COMMA = YES;
				CLANG_WARN_CONSTANT_CONVERSION = YES;
				CLANG_WARN_DEPRECATED_OBJC_IMPLEMENTATIONS = YES;
				CLANG_WARN_DIRECT_OBJC_ISA_USAGE = YES_ERROR;
				CLANG_WARN_DOCUMENTATION_COMMENTS = YES;
				CLANG_WARN_EMPTY_BODY = YES;
				CLANG_WARN_ENUM_CONVERSION = YES;
				CLANG_WARN_INFINITE_RECURSION = YES;
				CLANG_WARN_INT_CONVERSION = YES;
				CLANG_WARN_NON_LITERAL_NULL_CONVERSION = YES;
				CLANG_WARN_OBJC_IMPLICIT_RETAIN_SELF = YES;
				CLANG_WARN_OBJC_LITERAL_CONVERSION = YES;
				CLANG_WARN_OBJC_ROOT_CLASS = YES_ERROR;
				CLANG_WARN_QUOTED_INCLUDE_IN_FRAMEWORK_HEADER = YES;
				CLANG_WARN_RANGE_LOOP_ANALYSIS = YES;
				CLANG_WARN_STRICT_PROTOTYPES = YES;
				CLANG_WARN_SUSPICIOUS_MOVE = YES;
				CLANG_WARN_UNGUARDED_AVAILABILITY = YES_AGGRESSIVE;
				CLANG_WARN_UNREACHABLE_CODE = YES;
				CLANG_WARN__DUPLICATE_METHOD_MATCH = YES;
				COPY_PHASE_STRIP = NO;
				DEBUG_INFORMATION_FORMAT = "dwarf-with-dsym";
				ENABLE_NS_ASSERTIONS = NO;
				ENABLE_STRICT_OBJC_MSGSEND = YES;
				GCC_C_LANGUAGE_STANDARD = gnu11;
				GCC_NO_COMMON_BLOCKS = YES;
				GCC_WARN_64_TO_32_BIT_CONVERSION = YES;
				GCC_WARN_ABOUT_RETURN_TYPE = YES_ERROR;
				GCC_WARN_UNDECLARED_SELECTOR = YES;
				GCC_WARN_UNINITIALIZED_AUTOS = YES_AGGRESSIVE;
				GCC_WARN_UNUSED_FUNCTION = YES;
				GCC_WARN_UNUSED_VARIABLE = YES;
				IPHONEOS_DEPLOYMENT_TARGET = 14.3;
				MTL_ENABLE_DEBUG_INFO = NO;
				MTL_FAST_MATH = YES;
				SDKROOT = iphoneos;
				SWIFT_COMPILATION_MODE = wholemodule;
				SWIFT_OPTIMIZATION_LEVEL = "-O";
				VALIDATE_PRODUCT = YES;
			};
			name = Release;
		};
		946C71C825BF966400EB9CAA /* Debug */ = {
			isa = XCBuildConfiguration;
			buildSettings = {
				ASSETCATALOG_COMPILER_APPICON_NAME = AppIcon;
				ASSETCATALOG_COMPILER_GLOBAL_ACCENT_COLOR_NAME = AccentColor;
				CODE_SIGN_ENTITLEMENTS = Cockpit/Cockpit.entitlements;
				CODE_SIGN_STYLE = Automatic;
				CURRENT_PROJECT_VERSION = 210125;
				DEVELOPMENT_TEAM = AL6H9GEC6N;
				INFOPLIST_FILE = Cockpit/Info.plist;
				LD_RUNPATH_SEARCH_PATHS = (
					"$(inherited)",
					"@executable_path/Frameworks",
				);
				MARKETING_VERSION = 1.0.0;
				PRODUCT_BUNDLE_IDENTIFIER = "com.rybel-llc.cockpit";
				PRODUCT_NAME = "$(TARGET_NAME)";
				SUPPORTS_MACCATALYST = NO;
				SWIFT_VERSION = 5.0;
				TARGETED_DEVICE_FAMILY = "1,2";
			};
			name = Debug;
		};
		946C71C925BF966400EB9CAA /* Release */ = {
			isa = XCBuildConfiguration;
			buildSettings = {
				ASSETCATALOG_COMPILER_APPICON_NAME = AppIcon;
				ASSETCATALOG_COMPILER_GLOBAL_ACCENT_COLOR_NAME = AccentColor;
				CODE_SIGN_ENTITLEMENTS = Cockpit/Cockpit.entitlements;
				CODE_SIGN_STYLE = Automatic;
				CURRENT_PROJECT_VERSION = 210125;
				DEVELOPMENT_TEAM = AL6H9GEC6N;
				INFOPLIST_FILE = Cockpit/Info.plist;
				LD_RUNPATH_SEARCH_PATHS = (
					"$(inherited)",
					"@executable_path/Frameworks",
				);
				MARKETING_VERSION = 1.0.0;
				PRODUCT_BUNDLE_IDENTIFIER = "com.rybel-llc.cockpit";
				PRODUCT_NAME = "$(TARGET_NAME)";
				SUPPORTS_MACCATALYST = NO;
				SWIFT_VERSION = 5.0;
				TARGETED_DEVICE_FAMILY = "1,2";
			};
			name = Release;
		};
/* End XCBuildConfiguration section */

/* Begin XCConfigurationList section */
		946C71AE25BF966400EB9CAA /* Build configuration list for PBXProject "Cockpit" */ = {
			isa = XCConfigurationList;
			buildConfigurations = (
				946C71C525BF966400EB9CAA /* Debug */,
				946C71C625BF966400EB9CAA /* Release */,
			);
			defaultConfigurationIsVisible = 0;
			defaultConfigurationName = Release;
		};
		946C71C725BF966400EB9CAA /* Build configuration list for PBXNativeTarget "Cockpit" */ = {
			isa = XCConfigurationList;
			buildConfigurations = (
				946C71C825BF966400EB9CAA /* Debug */,
				946C71C925BF966400EB9CAA /* Release */,
			);
			defaultConfigurationIsVisible = 0;
			defaultConfigurationName = Release;
		};
/* End XCConfigurationList section */
	};
	rootObject = 946C71AB25BF966400EB9CAA /* Project object */;
}
